// !$*UTF8*$!
{
	archiveVersion = 1;
	classes = {
	};
	objectVersion = 56;
	objects = {

/* Begin PBXBuildFile section */
		AC267BAE299B68E900B84031 /* EventFlagImageView.swift in Sources */ = {isa = PBXBuildFile; fileRef = AC267BAD299B68E900B84031 /* EventFlagImageView.swift */; };
		AC267BB0299B6BC800B84031 /* FlagImageService.swift in Sources */ = {isa = PBXBuildFile; fileRef = AC267BAF299B6BC800B84031 /* FlagImageService.swift */; };
		AC267BB2299B6E9900B84031 /* EventFlagImageViewModel.swift in Sources */ = {isa = PBXBuildFile; fileRef = AC267BB1299B6E9900B84031 /* EventFlagImageViewModel.swift */; };
		AC377ED229A656A1001DD6CD /* EventMapAnnotationView.swift in Sources */ = {isa = PBXBuildFile; fileRef = AC377ED129A656A1001DD6CD /* EventMapAnnotationView.swift */; };
		AC38587F29A931EF000C62C8 /* NotificationManager.swift in Sources */ = {isa = PBXBuildFile; fileRef = AC38587E29A931EF000C62C8 /* NotificationManager.swift */; };
		AC3C39BD29A3C54A001B4BE1 /* DetailView.swift in Sources */ = {isa = PBXBuildFile; fileRef = AC3C39BC29A3C54A001B4BE1 /* DetailView.swift */; };
		AC48866E299CBE0A00CF5E66 /* LocalFileManager.swift in Sources */ = {isa = PBXBuildFile; fileRef = AC48866D299CBE0A00CF5E66 /* LocalFileManager.swift */; };
		AC488670299CED6300CF5E66 /* SearchBarView.swift in Sources */ = {isa = PBXBuildFile; fileRef = AC48866F299CED6300CF5E66 /* SearchBarView.swift */; };
		AC488672299CF99900CF5E66 /* UIApplication.swift in Sources */ = {isa = PBXBuildFile; fileRef = AC488671299CF99900CF5E66 /* UIApplication.swift */; };
		AC5BBF75299A581200EB3533 /* HomeViewModel.swift in Sources */ = {isa = PBXBuildFile; fileRef = AC5BBF74299A581200EB3533 /* HomeViewModel.swift */; };
		AC5BBF78299A7ADD00EB3533 /* ScheduleDataService.swift in Sources */ = {isa = PBXBuildFile; fileRef = AC5BBF77299A7ADD00EB3533 /* ScheduleDataService.swift */; };
		AC5BBF7B299AA02C00EB3533 /* NetworkingManager.swift in Sources */ = {isa = PBXBuildFile; fileRef = AC5BBF7A299AA02C00EB3533 /* NetworkingManager.swift */; };
		ACFBF853299968D000B736D8 /* Calendar2023App.swift in Sources */ = {isa = PBXBuildFile; fileRef = ACFBF852299968D000B736D8 /* Calendar2023App.swift */; };
		ACFBF857299968D100B736D8 /* Assets.xcassets in Resources */ = {isa = PBXBuildFile; fileRef = ACFBF856299968D100B736D8 /* Assets.xcassets */; };
		ACFBF85A299968D100B736D8 /* Preview Assets.xcassets in Resources */ = {isa = PBXBuildFile; fileRef = ACFBF859299968D100B736D8 /* Preview Assets.xcassets */; };
		ACFBF86229996E2D00B736D8 /* Color.swift in Sources */ = {isa = PBXBuildFile; fileRef = ACFBF86129996E2D00B736D8 /* Color.swift */; };
		ACFBF8682999715D00B736D8 /* HomeView.swift in Sources */ = {isa = PBXBuildFile; fileRef = ACFBF8672999715D00B736D8 /* HomeView.swift */; };
		ACFBF86C2999749800B736D8 /* CircleButtonView.swift in Sources */ = {isa = PBXBuildFile; fileRef = ACFBF86B2999749800B736D8 /* CircleButtonView.swift */; };
		ACFBF86E299A3A4E00B736D8 /* CircleButtonAnimationView.swift in Sources */ = {isa = PBXBuildFile; fileRef = ACFBF86D299A3A4E00B736D8 /* CircleButtonAnimationView.swift */; };
		ACFBF871299A429C00B736D8 /* Schedule.swift in Sources */ = {isa = PBXBuildFile; fileRef = ACFBF870299A429C00B736D8 /* Schedule.swift */; };
		ACFBF873299A450200B736D8 /* ScheduleRowView.swift in Sources */ = {isa = PBXBuildFile; fileRef = ACFBF872299A450200B736D8 /* ScheduleRowView.swift */; };
		ACFBF875299A45B000B736D8 /* PreviewProvider.swift in Sources */ = {isa = PBXBuildFile; fileRef = ACFBF874299A45B000B736D8 /* PreviewProvider.swift */; };
/* End PBXBuildFile section */

/* Begin PBXFileReference section */
		AC267BAD299B68E900B84031 /* EventFlagImageView.swift */ = {isa = PBXFileReference; lastKnownFileType = sourcecode.swift; path = EventFlagImageView.swift; sourceTree = "<group>"; };
		AC267BAF299B6BC800B84031 /* FlagImageService.swift */ = {isa = PBXFileReference; lastKnownFileType = sourcecode.swift; path = FlagImageService.swift; sourceTree = "<group>"; };
		AC267BB1299B6E9900B84031 /* EventFlagImageViewModel.swift */ = {isa = PBXFileReference; lastKnownFileType = sourcecode.swift; path = EventFlagImageViewModel.swift; sourceTree = "<group>"; };
		AC377ED129A656A1001DD6CD /* EventMapAnnotationView.swift */ = {isa = PBXFileReference; lastKnownFileType = sourcecode.swift; path = EventMapAnnotationView.swift; sourceTree = "<group>"; };
		AC38587E29A931EF000C62C8 /* NotificationManager.swift */ = {isa = PBXFileReference; lastKnownFileType = sourcecode.swift; path = NotificationManager.swift; sourceTree = "<group>"; };
		AC3C39BC29A3C54A001B4BE1 /* DetailView.swift */ = {isa = PBXFileReference; lastKnownFileType = sourcecode.swift; path = DetailView.swift; sourceTree = "<group>"; };
		AC48866D299CBE0A00CF5E66 /* LocalFileManager.swift */ = {isa = PBXFileReference; lastKnownFileType = sourcecode.swift; path = LocalFileManager.swift; sourceTree = "<group>"; };
		AC48866F299CED6300CF5E66 /* SearchBarView.swift */ = {isa = PBXFileReference; lastKnownFileType = sourcecode.swift; path = SearchBarView.swift; sourceTree = "<group>"; };
		AC488671299CF99900CF5E66 /* UIApplication.swift */ = {isa = PBXFileReference; lastKnownFileType = sourcecode.swift; path = UIApplication.swift; sourceTree = "<group>"; };
		AC5BBF74299A581200EB3533 /* HomeViewModel.swift */ = {isa = PBXFileReference; lastKnownFileType = sourcecode.swift; path = HomeViewModel.swift; sourceTree = "<group>"; };
		AC5BBF77299A7ADD00EB3533 /* ScheduleDataService.swift */ = {isa = PBXFileReference; lastKnownFileType = sourcecode.swift; path = ScheduleDataService.swift; sourceTree = "<group>"; };
		AC5BBF7A299AA02C00EB3533 /* NetworkingManager.swift */ = {isa = PBXFileReference; lastKnownFileType = sourcecode.swift; path = NetworkingManager.swift; sourceTree = "<group>"; };
		ACFBF84F299968D000B736D8 /* Calendar2023.app */ = {isa = PBXFileReference; explicitFileType = wrapper.application; includeInIndex = 0; path = Calendar2023.app; sourceTree = BUILT_PRODUCTS_DIR; };
		ACFBF852299968D000B736D8 /* Calendar2023App.swift */ = {isa = PBXFileReference; lastKnownFileType = sourcecode.swift; path = Calendar2023App.swift; sourceTree = "<group>"; };
		ACFBF856299968D100B736D8 /* Assets.xcassets */ = {isa = PBXFileReference; lastKnownFileType = folder.assetcatalog; path = Assets.xcassets; sourceTree = "<group>"; };
		ACFBF859299968D100B736D8 /* Preview Assets.xcassets */ = {isa = PBXFileReference; lastKnownFileType = folder.assetcatalog; path = "Preview Assets.xcassets"; sourceTree = "<group>"; };
		ACFBF86129996E2D00B736D8 /* Color.swift */ = {isa = PBXFileReference; lastKnownFileType = sourcecode.swift; path = Color.swift; sourceTree = "<group>"; };
		ACFBF8672999715D00B736D8 /* HomeView.swift */ = {isa = PBXFileReference; lastKnownFileType = sourcecode.swift; path = HomeView.swift; sourceTree = "<group>"; };
		ACFBF86B2999749800B736D8 /* CircleButtonView.swift */ = {isa = PBXFileReference; lastKnownFileType = sourcecode.swift; path = CircleButtonView.swift; sourceTree = "<group>"; };
		ACFBF86D299A3A4E00B736D8 /* CircleButtonAnimationView.swift */ = {isa = PBXFileReference; lastKnownFileType = sourcecode.swift; path = CircleButtonAnimationView.swift; sourceTree = "<group>"; };
		ACFBF870299A429C00B736D8 /* Schedule.swift */ = {isa = PBXFileReference; lastKnownFileType = sourcecode.swift; path = Schedule.swift; sourceTree = "<group>"; };
		ACFBF872299A450200B736D8 /* ScheduleRowView.swift */ = {isa = PBXFileReference; lastKnownFileType = sourcecode.swift; path = ScheduleRowView.swift; sourceTree = "<group>"; };
		ACFBF874299A45B000B736D8 /* PreviewProvider.swift */ = {isa = PBXFileReference; lastKnownFileType = sourcecode.swift; path = PreviewProvider.swift; sourceTree = "<group>"; };
/* End PBXFileReference section */

/* Begin PBXFrameworksBuildPhase section */
		ACFBF84C299968D000B736D8 /* Frameworks */ = {
			isa = PBXFrameworksBuildPhase;
			buildActionMask = 2147483647;
			files = (
			);
			runOnlyForDeploymentPostprocessing = 0;
		};
/* End PBXFrameworksBuildPhase section */

/* Begin PBXGroup section */
		AC267BAC299B68A400B84031 /* EventFlagImage */ = {
			isa = PBXGroup;
			children = (
				AC267BAD299B68E900B84031 /* EventFlagImageView.swift */,
				AC267BB1299B6E9900B84031 /* EventFlagImageViewModel.swift */,
			);
			path = EventFlagImage;
			sourceTree = "<group>";
		};
		AC5BBF76299A7A3F00EB3533 /* Services */ = {
			isa = PBXGroup;
			children = (
				AC5BBF77299A7ADD00EB3533 /* ScheduleDataService.swift */,
				AC267BAF299B6BC800B84031 /* FlagImageService.swift */,
			);
			path = Services;
			sourceTree = "<group>";
		};
		AC5BBF79299A9FDE00EB3533 /* Utilites */ = {
			isa = PBXGroup;
			children = (
				AC5BBF7A299AA02C00EB3533 /* NetworkingManager.swift */,
				AC48866D299CBE0A00CF5E66 /* LocalFileManager.swift */,
				AC38587E29A931EF000C62C8 /* NotificationManager.swift */,
			);
			path = Utilites;
			sourceTree = "<group>";
		};
		ACFBF846299968D000B736D8 = {
			isa = PBXGroup;
			children = (
				ACFBF851299968D000B736D8 /* Calendar2023 */,
				ACFBF850299968D000B736D8 /* Products */,
			);
			sourceTree = "<group>";
		};
		ACFBF850299968D000B736D8 /* Products */ = {
			isa = PBXGroup;
			children = (
				ACFBF84F299968D000B736D8 /* Calendar2023.app */,
			);
			name = Products;
			sourceTree = "<group>";
		};
		ACFBF851299968D000B736D8 /* Calendar2023 */ = {
			isa = PBXGroup;
			children = (
				AC5BBF79299A9FDE00EB3533 /* Utilites */,
				AC5BBF76299A7A3F00EB3533 /* Services */,
				ACFBF86F299A421000B736D8 /* Models */,
				ACFBF863299970F500B736D8 /* Core */,
				ACFBF86029996E1300B736D8 /* Extensions */,
				ACFBF852299968D000B736D8 /* Calendar2023App.swift */,
				ACFBF856299968D100B736D8 /* Assets.xcassets */,
				ACFBF858299968D100B736D8 /* Preview Content */,
			);
			path = Calendar2023;
			sourceTree = "<group>";
		};
		ACFBF858299968D100B736D8 /* Preview Content */ = {
			isa = PBXGroup;
			children = (
				ACFBF859299968D100B736D8 /* Preview Assets.xcassets */,
			);
			path = "Preview Content";
			sourceTree = "<group>";
		};
		ACFBF86029996E1300B736D8 /* Extensions */ = {
			isa = PBXGroup;
			children = (
				ACFBF86129996E2D00B736D8 /* Color.swift */,
				ACFBF874299A45B000B736D8 /* PreviewProvider.swift */,
				AC488671299CF99900CF5E66 /* UIApplication.swift */,
			);
			path = Extensions;
			sourceTree = "<group>";
		};
		ACFBF863299970F500B736D8 /* Core */ = {
			isa = PBXGroup;
			children = (
				ACFBF8692999744C00B736D8 /* Components */,
				ACFBF8642999712200B736D8 /* Home */,
			);
			path = Core;
			sourceTree = "<group>";
		};
		ACFBF8642999712200B736D8 /* Home */ = {
			isa = PBXGroup;
			children = (
				ACFBF8662999713300B736D8 /* ViewModels */,
				ACFBF8652999712D00B736D8 /* View */,
			);
			path = Home;
			sourceTree = "<group>";
		};
		ACFBF8652999712D00B736D8 /* View */ = {
			isa = PBXGroup;
			children = (
				ACFBF8672999715D00B736D8 /* HomeView.swift */,
				ACFBF872299A450200B736D8 /* ScheduleRowView.swift */,
				AC3C39BC29A3C54A001B4BE1 /* DetailView.swift */,
			);
			path = View;
			sourceTree = "<group>";
		};
		ACFBF8662999713300B736D8 /* ViewModels */ = {
			isa = PBXGroup;
			children = (
				AC5BBF74299A581200EB3533 /* HomeViewModel.swift */,
			);
			path = ViewModels;
			sourceTree = "<group>";
		};
		ACFBF8692999744C00B736D8 /* Components */ = {
			isa = PBXGroup;
			children = (
				AC267BAC299B68A400B84031 /* EventFlagImage */,
				ACFBF86A2999747C00B736D8 /* CircleButton */,
				AC48866F299CED6300CF5E66 /* SearchBarView.swift */,
				AC377ED129A656A1001DD6CD /* EventMapAnnotationView.swift */,
			);
			path = Components;
			sourceTree = "<group>";
		};
		ACFBF86A2999747C00B736D8 /* CircleButton */ = {
			isa = PBXGroup;
			children = (
				ACFBF86B2999749800B736D8 /* CircleButtonView.swift */,
				ACFBF86D299A3A4E00B736D8 /* CircleButtonAnimationView.swift */,
			);
			path = CircleButton;
			sourceTree = "<group>";
		};
		ACFBF86F299A421000B736D8 /* Models */ = {
			isa = PBXGroup;
			children = (
				ACFBF870299A429C00B736D8 /* Schedule.swift */,
			);
			path = Models;
			sourceTree = "<group>";
		};
/* End PBXGroup section */

/* Begin PBXNativeTarget section */
		ACFBF84E299968D000B736D8 /* Calendar2023 */ = {
			isa = PBXNativeTarget;
			buildConfigurationList = ACFBF85D299968D100B736D8 /* Build configuration list for PBXNativeTarget "Calendar2023" */;
			buildPhases = (
				ACFBF84B299968D000B736D8 /* Sources */,
				ACFBF84C299968D000B736D8 /* Frameworks */,
				ACFBF84D299968D000B736D8 /* Resources */,
			);
			buildRules = (
			);
			dependencies = (
			);
			name = Calendar2023;
			productName = Calendar2023;
			productReference = ACFBF84F299968D000B736D8 /* Calendar2023.app */;
			productType = "com.apple.product-type.application";
		};
/* End PBXNativeTarget section */

/* Begin PBXProject section */
		ACFBF847299968D000B736D8 /* Project object */ = {
			isa = PBXProject;
			attributes = {
				BuildIndependentTargetsInParallel = 1;
				LastSwiftUpdateCheck = 1420;
				LastUpgradeCheck = 1420;
				TargetAttributes = {
					ACFBF84E299968D000B736D8 = {
						CreatedOnToolsVersion = 14.2;
					};
				};
			};
			buildConfigurationList = ACFBF84A299968D000B736D8 /* Build configuration list for PBXProject "Calendar2023" */;
			compatibilityVersion = "Xcode 14.0";
			developmentRegion = en;
			hasScannedForEncodings = 0;
			knownRegions = (
				en,
				Base,
			);
			mainGroup = ACFBF846299968D000B736D8;
			productRefGroup = ACFBF850299968D000B736D8 /* Products */;
			projectDirPath = "";
			projectRoot = "";
			targets = (
				ACFBF84E299968D000B736D8 /* Calendar2023 */,
			);
		};
/* End PBXProject section */

/* Begin PBXResourcesBuildPhase section */
		ACFBF84D299968D000B736D8 /* Resources */ = {
			isa = PBXResourcesBuildPhase;
			buildActionMask = 2147483647;
			files = (
				ACFBF85A299968D100B736D8 /* Preview Assets.xcassets in Resources */,
				ACFBF857299968D100B736D8 /* Assets.xcassets in Resources */,
			);
			runOnlyForDeploymentPostprocessing = 0;
		};
/* End PBXResourcesBuildPhase section */

/* Begin PBXSourcesBuildPhase section */
		ACFBF84B299968D000B736D8 /* Sources */ = {
			isa = PBXSourcesBuildPhase;
			buildActionMask = 2147483647;
			files = (
				AC488672299CF99900CF5E66 /* UIApplication.swift in Sources */,
				ACFBF873299A450200B736D8 /* ScheduleRowView.swift in Sources */,
				AC267BB0299B6BC800B84031 /* FlagImageService.swift in Sources */,
				AC267BB2299B6E9900B84031 /* EventFlagImageViewModel.swift in Sources */,
				ACFBF86C2999749800B736D8 /* CircleButtonView.swift in Sources */,
				AC5BBF78299A7ADD00EB3533 /* ScheduleDataService.swift in Sources */,
				AC5BBF75299A581200EB3533 /* HomeViewModel.swift in Sources */,
				AC48866E299CBE0A00CF5E66 /* LocalFileManager.swift in Sources */,
				ACFBF8682999715D00B736D8 /* HomeView.swift in Sources */,
				ACFBF853299968D000B736D8 /* Calendar2023App.swift in Sources */,
				AC267BAE299B68E900B84031 /* EventFlagImageView.swift in Sources */,
				ACFBF86229996E2D00B736D8 /* Color.swift in Sources */,
				ACFBF871299A429C00B736D8 /* Schedule.swift in Sources */,
				AC5BBF7B299AA02C00EB3533 /* NetworkingManager.swift in Sources */,
				ACFBF875299A45B000B736D8 /* PreviewProvider.swift in Sources */,
				AC3C39BD29A3C54A001B4BE1 /* DetailView.swift in Sources */,
				AC488670299CED6300CF5E66 /* SearchBarView.swift in Sources */,
				AC38587F29A931EF000C62C8 /* NotificationManager.swift in Sources */,
				ACFBF86E299A3A4E00B736D8 /* CircleButtonAnimationView.swift in Sources */,
				AC377ED229A656A1001DD6CD /* EventMapAnnotationView.swift in Sources */,
			);
			runOnlyForDeploymentPostprocessing = 0;
		};
/* End PBXSourcesBuildPhase section */

/* Begin XCBuildConfiguration section */
		ACFBF85B299968D100B736D8 /* Debug */ = {
			isa = XCBuildConfiguration;
			buildSettings = {
				ALWAYS_SEARCH_USER_PATHS = NO;
				CLANG_ANALYZER_NONNULL = YES;
				CLANG_ANALYZER_NUMBER_OBJECT_CONVERSION = YES_AGGRESSIVE;
				CLANG_CXX_LANGUAGE_STANDARD = "gnu++20";
				CLANG_ENABLE_MODULES = YES;
				CLANG_ENABLE_OBJC_ARC = YES;
				CLANG_ENABLE_OBJC_WEAK = YES;
				CLANG_WARN_BLOCK_CAPTURE_AUTORELEASING = YES;
				CLANG_WARN_BOOL_CONVERSION = YES;
				CLANG_WARN_COMMA = YES;
				CLANG_WARN_CONSTANT_CONVERSION = YES;
				CLANG_WARN_DEPRECATED_OBJC_IMPLEMENTATIONS = YES;
				CLANG_WARN_DIRECT_OBJC_ISA_USAGE = YES_ERROR;
				CLANG_WARN_DOCUMENTATION_COMMENTS = YES;
				CLANG_WARN_EMPTY_BODY = YES;
				CLANG_WARN_ENUM_CONVERSION = YES;
				CLANG_WARN_INFINITE_RECURSION = YES;
				CLANG_WARN_INT_CONVERSION = YES;
				CLANG_WARN_NON_LITERAL_NULL_CONVERSION = YES;
				CLANG_WARN_OBJC_IMPLICIT_RETAIN_SELF = YES;
				CLANG_WARN_OBJC_LITERAL_CONVERSION = YES;
				CLANG_WARN_OBJC_ROOT_CLASS = YES_ERROR;
				CLANG_WARN_QUOTED_INCLUDE_IN_FRAMEWORK_HEADER = YES;
				CLANG_WARN_RANGE_LOOP_ANALYSIS = YES;
				CLANG_WARN_STRICT_PROTOTYPES = YES;
				CLANG_WARN_SUSPICIOUS_MOVE = YES;
				CLANG_WARN_UNGUARDED_AVAILABILITY = YES_AGGRESSIVE;
				CLANG_WARN_UNREACHABLE_CODE = YES;
				CLANG_WARN__DUPLICATE_METHOD_MATCH = YES;
				COPY_PHASE_STRIP = NO;
				DEBUG_INFORMATION_FORMAT = dwarf;
				ENABLE_STRICT_OBJC_MSGSEND = YES;
				ENABLE_TESTABILITY = YES;
				GCC_C_LANGUAGE_STANDARD = gnu11;
				GCC_DYNAMIC_NO_PIC = NO;
				GCC_NO_COMMON_BLOCKS = YES;
				GCC_OPTIMIZATION_LEVEL = 0;
				GCC_PREPROCESSOR_DEFINITIONS = (
					"DEBUG=1",
					"$(inherited)",
				);
				GCC_WARN_64_TO_32_BIT_CONVERSION = YES;
				GCC_WARN_ABOUT_RETURN_TYPE = YES_ERROR;
				GCC_WARN_UNDECLARED_SELECTOR = YES;
				GCC_WARN_UNINITIALIZED_AUTOS = YES_AGGRESSIVE;
				GCC_WARN_UNUSED_FUNCTION = YES;
				GCC_WARN_UNUSED_VARIABLE = YES;
				IPHONEOS_DEPLOYMENT_TARGET = 16.2;
				MTL_ENABLE_DEBUG_INFO = INCLUDE_SOURCE;
				MTL_FAST_MATH = YES;
				ONLY_ACTIVE_ARCH = YES;
				SDKROOT = iphoneos;
				SWIFT_ACTIVE_COMPILATION_CONDITIONS = DEBUG;
				SWIFT_OPTIMIZATION_LEVEL = "-Onone";
			};
			name = Debug;
		};
		ACFBF85C299968D100B736D8 /* Release */ = {
			isa = XCBuildConfiguration;
			buildSettings = {
				ALWAYS_SEARCH_USER_PATHS = NO;
				CLANG_ANALYZER_NONNULL = YES;
				CLANG_ANALYZER_NUMBER_OBJECT_CONVERSION = YES_AGGRESSIVE;
				CLANG_CXX_LANGUAGE_STANDARD = "gnu++20";
				CLANG_ENABLE_MODULES = YES;
				CLANG_ENABLE_OBJC_ARC = YES;
				CLANG_ENABLE_OBJC_WEAK = YES;
				CLANG_WARN_BLOCK_CAPTURE_AUTORELEASING = YES;
				CLANG_WARN_BOOL_CONVERSION = YES;
				CLANG_WARN_COMMA = YES;
				CLANG_WARN_CONSTANT_CONVERSION = YES;
				CLANG_WARN_DEPRECATED_OBJC_IMPLEMENTATIONS = YES;
				CLANG_WARN_DIRECT_OBJC_ISA_USAGE = YES_ERROR;
				CLANG_WARN_DOCUMENTATION_COMMENTS = YES;
				CLANG_WARN_EMPTY_BODY = YES;
				CLANG_WARN_ENUM_CONVERSION = YES;
				CLANG_WARN_INFINITE_RECURSION = YES;
				CLANG_WARN_INT_CONVERSION = YES;
				CLANG_WARN_NON_LITERAL_NULL_CONVERSION = YES;
				CLANG_WARN_OBJC_IMPLICIT_RETAIN_SELF = YES;
				CLANG_WARN_OBJC_LITERAL_CONVERSION = YES;
				CLANG_WARN_OBJC_ROOT_CLASS = YES_ERROR;
				CLANG_WARN_QUOTED_INCLUDE_IN_FRAMEWORK_HEADER = YES;
				CLANG_WARN_RANGE_LOOP_ANALYSIS = YES;
				CLANG_WARN_STRICT_PROTOTYPES = YES;
				CLANG_WARN_SUSPICIOUS_MOVE = YES;
				CLANG_WARN_UNGUARDED_AVAILABILITY = YES_AGGRESSIVE;
				CLANG_WARN_UNREACHABLE_CODE = YES;
				CLANG_WARN__DUPLICATE_METHOD_MATCH = YES;
				COPY_PHASE_STRIP = NO;
				DEBUG_INFORMATION_FORMAT = "dwarf-with-dsym";
				ENABLE_NS_ASSERTIONS = NO;
				ENABLE_STRICT_OBJC_MSGSEND = YES;
				GCC_C_LANGUAGE_STANDARD = gnu11;
				GCC_NO_COMMON_BLOCKS = YES;
				GCC_WARN_64_TO_32_BIT_CONVERSION = YES;
				GCC_WARN_ABOUT_RETURN_TYPE = YES_ERROR;
				GCC_WARN_UNDECLARED_SELECTOR = YES;
				GCC_WARN_UNINITIALIZED_AUTOS = YES_AGGRESSIVE;
				GCC_WARN_UNUSED_FUNCTION = YES;
				GCC_WARN_UNUSED_VARIABLE = YES;
				IPHONEOS_DEPLOYMENT_TARGET = 16.2;
				MTL_ENABLE_DEBUG_INFO = NO;
				MTL_FAST_MATH = YES;
				SDKROOT = iphoneos;
				SWIFT_COMPILATION_MODE = wholemodule;
				SWIFT_OPTIMIZATION_LEVEL = "-O";
				VALIDATE_PRODUCT = YES;
			};
			name = Release;
		};
		ACFBF85E299968D100B736D8 /* Debug */ = {
			isa = XCBuildConfiguration;
			buildSettings = {
				ASSETCATALOG_COMPILER_APPICON_NAME = AppIcon;
				ASSETCATALOG_COMPILER_GLOBAL_ACCENT_COLOR_NAME = AccentColor;
				CODE_SIGN_STYLE = Automatic;
				CURRENT_PROJECT_VERSION = 1;
				DEVELOPMENT_ASSET_PATHS = "\"Calendar2023/Preview Content\"";
				DEVELOPMENT_TEAM = 6SU4X4KX89;
				ENABLE_PREVIEWS = YES;
				GENERATE_INFOPLIST_FILE = YES;
				INFOPLIST_KEY_CFBundleDisplayName = "Race Calendar";
				INFOPLIST_KEY_LSApplicationCategoryType = "public.app-category.sports";
				INFOPLIST_KEY_UIApplicationSceneManifest_Generation = YES;
				INFOPLIST_KEY_UIApplicationSupportsIndirectInputEvents = YES;
				INFOPLIST_KEY_UILaunchScreen_Generation = YES;
				INFOPLIST_KEY_UISupportedInterfaceOrientations = UIInterfaceOrientationPortrait;
				INFOPLIST_KEY_UISupportedInterfaceOrientations_iPad = "UIInterfaceOrientationLandscapeLeft UIInterfaceOrientationLandscapeRight UIInterfaceOrientationPortrait UIInterfaceOrientationPortraitUpsideDown";
				IPHONEOS_DEPLOYMENT_TARGET = 15.0;
				LD_RUNPATH_SEARCH_PATHS = (
					"$(inherited)",
					"@executable_path/Frameworks",
				);
				MARKETING_VERSION = 1.0;
				PRODUCT_BUNDLE_IDENTIFIER = ua.studenkovaa.Calendar2023;
				PRODUCT_NAME = "$(TARGET_NAME)";
				SUPPORTED_PLATFORMS = "iphoneos iphonesimulator";
				SUPPORTS_MACCATALYST = NO;
				SUPPORTS_MAC_DESIGNED_FOR_IPHONE_IPAD = NO;
				SWIFT_EMIT_LOC_STRINGS = YES;
				SWIFT_VERSION = 5.0;
				TARGETED_DEVICE_FAMILY = "1,2";
			};
			name = Debug;
		};
		ACFBF85F299968D100B736D8 /* Release */ = {
			isa = XCBuildConfiguration;
			buildSettings = {
				ASSETCATALOG_COMPILER_APPICON_NAME = AppIcon;
				ASSETCATALOG_COMPILER_GLOBAL_ACCENT_COLOR_NAME = AccentColor;
				CODE_SIGN_STYLE = Automatic;
				CURRENT_PROJECT_VERSION = 1;
				DEVELOPMENT_ASSET_PATHS = "\"Calendar2023/Preview Content\"";
				DEVELOPMENT_TEAM = 6SU4X4KX89;
				ENABLE_PREVIEWS = YES;
				GENERATE_INFOPLIST_FILE = YES;
				INFOPLIST_KEY_CFBundleDisplayName = "Race Calendar";
				INFOPLIST_KEY_LSApplicationCategoryType = "public.app-category.sports";
				INFOPLIST_KEY_UIApplicationSceneManifest_Generation = YES;
				INFOPLIST_KEY_UIApplicationSupportsIndirectInputEvents = YES;
				INFOPLIST_KEY_UILaunchScreen_Generation = YES;
				INFOPLIST_KEY_UISupportedInterfaceOrientations = UIInterfaceOrientationPortrait;
				INFOPLIST_KEY_UISupportedInterfaceOrientations_iPad = "UIInterfaceOrientationLandscapeLeft UIInterfaceOrientationLandscapeRight UIInterfaceOrientationPortrait UIInterfaceOrientationPortraitUpsideDown";
				IPHONEOS_DEPLOYMENT_TARGET = 15.0;
				LD_RUNPATH_SEARCH_PATHS = (
					"$(inherited)",
					"@executable_path/Frameworks",
				);
				MARKETING_VERSION = 1.0;
				PRODUCT_BUNDLE_IDENTIFIER = ua.studenkovaa.Calendar2023;
				PRODUCT_NAME = "$(TARGET_NAME)";
				SUPPORTED_PLATFORMS = "iphoneos iphonesimulator";
				SUPPORTS_MACCATALYST = NO;
				SUPPORTS_MAC_DESIGNED_FOR_IPHONE_IPAD = NO;
				SWIFT_EMIT_LOC_STRINGS = YES;
				SWIFT_VERSION = 5.0;
				TARGETED_DEVICE_FAMILY = "1,2";
			};
			name = Release;
		};
/* End XCBuildConfiguration section */

/* Begin XCConfigurationList section */
		ACFBF84A299968D000B736D8 /* Build configuration list for PBXProject "Calendar2023" */ = {
			isa = XCConfigurationList;
			buildConfigurations = (
				ACFBF85B299968D100B736D8 /* Debug */,
				ACFBF85C299968D100B736D8 /* Release */,
			);
			defaultConfigurationIsVisible = 0;
			defaultConfigurationName = Release;
		};
		ACFBF85D299968D100B736D8 /* Build configuration list for PBXNativeTarget "Calendar2023" */ = {
			isa = XCConfigurationList;
			buildConfigurations = (
				ACFBF85E299968D100B736D8 /* Debug */,
				ACFBF85F299968D100B736D8 /* Release */,
			);
			defaultConfigurationIsVisible = 0;
			defaultConfigurationName = Release;
		};
/* End XCConfigurationList section */
	};
	rootObject = ACFBF847299968D000B736D8 /* Project object */;
}
